
Microsoft Visual Studio Solution File, Format Version 12.00
# Visual Studio Version 17
VisualStudioVersion = 17.8.34601.278
MinimumVisualStudioVersion = 10.0.40219.1
Project("{FAE04EC0-301F-11D3-BF4B-00C04F79EFBC}") = "ToppingTumble", "ToppingTumble.csproj", "{47D888DB-FBB1-4000-B0FC-7B9565046890}"
EndProject
Global
	GlobalSection(SolutionConfigurationPlatforms) = preSolution
		Debug|Any CPU = Debug|Any CPU
		Release|Any CPU = Release|Any CPU
	EndGlobalSection
	GlobalSection(ProjectConfigurationPlatforms) = postSolution
		{47D888DB-FBB1-4000-B0FC-7B9565046890}.Debug|Any CPU.ActiveCfg = Debug|Any CPU
		{47D888DB-FBB1-4000-B0FC-7B9565046890}.Debug|Any CPU.Build.0 = Debug|Any CPU
		{47D888DB-FBB1-4000-B0FC-7B9565046890}.Release|Any CPU.ActiveCfg = Release|Any CPU
		{47D888DB-FBB1-4000-B0FC-7B9565046890}.Release|Any CPU.Build.0 = Release|Any CPU
	EndGlobalSection
	GlobalSection(SolutionProperties) = preSolution
		HideSolutionNode = FALSE
	EndGlobalSection
	GlobalSection(ExtensibilityGlobals) = postSolution
		SolutionGuid = {937E8D04-ABC1-430D-85A3-3591B480A6AC}
	EndGlobalSection
EndGlobal
